
Microsoft Visual Studio Solution File, Format Version 12.00
# Visual Studio Version 17
VisualStudioVersion = 17.7.34202.233
MinimumVisualStudioVersion = 10.0.40219.1
Project("{FAE04EC0-301F-11D3-BF4B-00C04F79EFBC}") = "UniversityLibraryProject", "UniversityLibraryProject.csproj", "{636E61BC-71B6-4405-A922-755A963A4127}"
EndProject
Project("{FAE04EC0-301F-11D3-BF4B-00C04F79EFBC}") = "ModelViewSystem", "..\ModelViewSystem\ModelViewSystem.csproj", "{AFC19968-2F50-4A4F-87FA-3BD4418FD34C}"
EndProject
Project("{2150E333-8FDC-42A3-9474-1A3956D46DE8}") = "DDL", "DDL", "{15D92018-E647-4907-AFA7-F4B69A6B018C}"
EndProject
Project("{FAE04EC0-301F-11D3-BF4B-00C04F79EFBC}") = "DatabaseManagers", "..\DatabaseManagers\DatabaseManagers.csproj", "{0D6E4CF5-0C96-4927-87DE-F56ED7534329}"
EndProject
Project("{2150E333-8FDC-42A3-9474-1A3956D46DE8}") = "Main", "Main", "{C163BC1D-0A80-41F3-BB8D-4823D398F675}"
EndProject
Project("{2150E333-8FDC-42A3-9474-1A3956D46DE8}") = "Database", "Database", "{88E6B64E-06B1-4D60-9002-89BEF7E69C4D}"
EndProject
Project("{2150E333-8FDC-42A3-9474-1A3956D46DE8}") = "Engine", "Engine", "{A0F90346-C5D3-4D5D-A054-9993754BB129}"
EndProject
Project("{FAE04EC0-301F-11D3-BF4B-00C04F79EFBC}") = "AccessControlMenu", "..\AccessControlMenu\AccessControlMenu.csproj", "{DBBBD371-F17A-43A6-B1D7-BB3F2987A444}"
EndProject
Project("{FAE04EC0-301F-11D3-BF4B-00C04F79EFBC}") = "FacultiesMenu", "..\FacultiesMenu\FacultiesMenu.csproj", "{FB4EA151-483E-4EF2-910F-72BAC92D80F6}"
EndProject
Project("{FAE04EC0-301F-11D3-BF4B-00C04F79EFBC}") = "GroupsMenu", "..\GroupsMenu\GroupsMenu.csproj", "{A527C068-D20A-4623-A0BC-A87B0983C7CD}"
EndProject
Project("{FAE04EC0-301F-11D3-BF4B-00C04F79EFBC}") = "RanksMenu", "..\RanksMenu\RanksMenu.csproj", "{75A76A6B-26F7-4C97-8B0C-EF1FA9A5D26C}"
EndProject
Project("{FAE04EC0-301F-11D3-BF4B-00C04F79EFBC}") = "DegreesMenu", "..\DegreesMenu\DegreesMenu.csproj", "{41324AD7-B69C-4BC6-A5B2-1CB9967A8EF0}"
EndProject
Project("{FAE04EC0-301F-11D3-BF4B-00C04F79EFBC}") = "DepartamentsMenu", "..\DepartamentsMenu\DepartamentsMenu.csproj", "{1BFE96E5-B330-4AB4-932F-713B273D3316}"
EndProject
Project("{FAE04EC0-301F-11D3-BF4B-00C04F79EFBC}") = "JobsMenu", "..\JobsMenu\JobsMenu.csproj", "{7FE7E364-B94C-460B-AD79-5EF9210F158C}"
EndProject
Project("{FAE04EC0-301F-11D3-BF4B-00C04F79EFBC}") = "BookCategoryMenu", "..\BookCategoryMenu\BookCategoryMenu.csproj", "{DD0F07A0-6D6F-4DD4-8FE3-C5992FA14872}"
EndProject
Project("{FAE04EC0-301F-11D3-BF4B-00C04F79EFBC}") = "ReaderCategoryMenu", "..\ReaderCategoryMenu\ReaderCategoryMenu.csproj", "{9D9E6F48-DC44-4717-A00E-241CFB8657ED}"
EndProject
Project("{FAE04EC0-301F-11D3-BF4B-00C04F79EFBC}") = "AuthorsMenu", "..\AuthorsMenu\AuthorsMenu.csproj", "{CEC2A3F5-A429-4324-9493-56CF227E87DC}"
EndProject
Project("{FAE04EC0-301F-11D3-BF4B-00C04F79EFBC}") = "BooksMenu", "..\BooksMenu\BooksMenu.csproj", "{A5A96B01-595E-4082-A45C-AFD61375974C}"
EndProject
Project("{FAE04EC0-301F-11D3-BF4B-00C04F79EFBC}") = "BooksCatalogsMenu", "..\BooksCatalogsMenu\BooksCatalogsMenu.csproj", "{F5D8031C-113B-4C1E-BBB5-F54494AFF9E1}"
EndProject
Project("{FAE04EC0-301F-11D3-BF4B-00C04F79EFBC}") = "OrdersMenu", "..\OrdersMenu\OrdersMenu.csproj", "{45304611-8646-40CE-877E-4FA16C9E4D1A}"
EndProject
Project("{FAE04EC0-301F-11D3-BF4B-00C04F79EFBC}") = "ReadersMenu", "..\ReadersMenu\ReadersMenu.csproj", "{6C98D747-AA27-45B5-9A33-D9415E041EA6}"
EndProject
Project("{FAE04EC0-301F-11D3-BF4B-00C04F79EFBC}") = "PenaltiesMenu", "..\PenaltiesMenu\PenaltiesMenu.csproj", "{65ABFA78-AC2F-4617-A63A-0EACAF7389B3}"
EndProject
Project("{FAE04EC0-301F-11D3-BF4B-00C04F79EFBC}") = "HelpMenu", "..\HelpMenu\HelpMenu.csproj", "{42EFD5C8-1B8D-4663-B44D-8680A6F57CBB}"
EndProject
Project("{FAE04EC0-301F-11D3-BF4B-00C04F79EFBC}") = "PasswordChangeMenu", "..\PasswordChangeMenu\PasswordChangeMenu.csproj", "{187F8B6E-0926-4DB5-850E-8EEF23E5B30E}"
EndProject
Project("{FAE04EC0-301F-11D3-BF4B-00C04F79EFBC}") = "BooksTypes", "..\BooksTypes\BooksTypes.csproj", "{AE5D76D0-DA1F-4B8D-B155-BDB9B563CF10}"
EndProject
Project("{FAE04EC0-301F-11D3-BF4B-00C04F79EFBC}") = "DataExport", "..\DataExport\DataExport.csproj", "{7E8B1AB1-25A3-4862-88A6-D39D588E347A}"
EndProject
Global
	GlobalSection(SolutionConfigurationPlatforms) = preSolution
		Debug|Any CPU = Debug|Any CPU
		Release|Any CPU = Release|Any CPU
	EndGlobalSection
	GlobalSection(ProjectConfigurationPlatforms) = postSolution
		{636E61BC-71B6-4405-A922-755A963A4127}.Debug|Any CPU.ActiveCfg = Debug|Any CPU
		{636E61BC-71B6-4405-A922-755A963A4127}.Debug|Any CPU.Build.0 = Debug|Any CPU
		{636E61BC-71B6-4405-A922-755A963A4127}.Release|Any CPU.ActiveCfg = Release|Any CPU
		{636E61BC-71B6-4405-A922-755A963A4127}.Release|Any CPU.Build.0 = Release|Any CPU
		{AFC19968-2F50-4A4F-87FA-3BD4418FD34C}.Debug|Any CPU.ActiveCfg = Debug|Any CPU
		{AFC19968-2F50-4A4F-87FA-3BD4418FD34C}.Debug|Any CPU.Build.0 = Debug|Any CPU
		{AFC19968-2F50-4A4F-87FA-3BD4418FD34C}.Release|Any CPU.ActiveCfg = Release|Any CPU
		{AFC19968-2F50-4A4F-87FA-3BD4418FD34C}.Release|Any CPU.Build.0 = Release|Any CPU
		{0D6E4CF5-0C96-4927-87DE-F56ED7534329}.Debug|Any CPU.ActiveCfg = Debug|Any CPU
		{0D6E4CF5-0C96-4927-87DE-F56ED7534329}.Debug|Any CPU.Build.0 = Debug|Any CPU
		{0D6E4CF5-0C96-4927-87DE-F56ED7534329}.Release|Any CPU.ActiveCfg = Release|Any CPU
		{0D6E4CF5-0C96-4927-87DE-F56ED7534329}.Release|Any CPU.Build.0 = Release|Any CPU
		{DBBBD371-F17A-43A6-B1D7-BB3F2987A444}.Debug|Any CPU.ActiveCfg = Debug|Any CPU
		{DBBBD371-F17A-43A6-B1D7-BB3F2987A444}.Debug|Any CPU.Build.0 = Debug|Any CPU
		{DBBBD371-F17A-43A6-B1D7-BB3F2987A444}.Release|Any CPU.ActiveCfg = Release|Any CPU
		{DBBBD371-F17A-43A6-B1D7-BB3F2987A444}.Release|Any CPU.Build.0 = Release|Any CPU
		{FB4EA151-483E-4EF2-910F-72BAC92D80F6}.Debug|Any CPU.ActiveCfg = Debug|Any CPU
		{FB4EA151-483E-4EF2-910F-72BAC92D80F6}.Debug|Any CPU.Build.0 = Debug|Any CPU
		{FB4EA151-483E-4EF2-910F-72BAC92D80F6}.Release|Any CPU.ActiveCfg = Release|Any CPU
		{FB4EA151-483E-4EF2-910F-72BAC92D80F6}.Release|Any CPU.Build.0 = Release|Any CPU
		{A527C068-D20A-4623-A0BC-A87B0983C7CD}.Debug|Any CPU.ActiveCfg = Debug|Any CPU
		{A527C068-D20A-4623-A0BC-A87B0983C7CD}.Debug|Any CPU.Build.0 = Debug|Any CPU
		{A527C068-D20A-4623-A0BC-A87B0983C7CD}.Release|Any CPU.ActiveCfg = Release|Any CPU
		{A527C068-D20A-4623-A0BC-A87B0983C7CD}.Release|Any CPU.Build.0 = Release|Any CPU
		{75A76A6B-26F7-4C97-8B0C-EF1FA9A5D26C}.Debug|Any CPU.ActiveCfg = Debug|Any CPU
		{75A76A6B-26F7-4C97-8B0C-EF1FA9A5D26C}.Debug|Any CPU.Build.0 = Debug|Any CPU
		{75A76A6B-26F7-4C97-8B0C-EF1FA9A5D26C}.Release|Any CPU.ActiveCfg = Release|Any CPU
		{75A76A6B-26F7-4C97-8B0C-EF1FA9A5D26C}.Release|Any CPU.Build.0 = Release|Any CPU
		{41324AD7-B69C-4BC6-A5B2-1CB9967A8EF0}.Debug|Any CPU.ActiveCfg = Debug|Any CPU
		{41324AD7-B69C-4BC6-A5B2-1CB9967A8EF0}.Debug|Any CPU.Build.0 = Debug|Any CPU
		{41324AD7-B69C-4BC6-A5B2-1CB9967A8EF0}.Release|Any CPU.ActiveCfg = Release|Any CPU
		{41324AD7-B69C-4BC6-A5B2-1CB9967A8EF0}.Release|Any CPU.Build.0 = Release|Any CPU
		{1BFE96E5-B330-4AB4-932F-713B273D3316}.Debug|Any CPU.ActiveCfg = Debug|Any CPU
		{1BFE96E5-B330-4AB4-932F-713B273D3316}.Debug|Any CPU.Build.0 = Debug|Any CPU
		{1BFE96E5-B330-4AB4-932F-713B273D3316}.Release|Any CPU.ActiveCfg = Release|Any CPU
		{1BFE96E5-B330-4AB4-932F-713B273D3316}.Release|Any CPU.Build.0 = Release|Any CPU
		{7FE7E364-B94C-460B-AD79-5EF9210F158C}.Debug|Any CPU.ActiveCfg = Debug|Any CPU
		{7FE7E364-B94C-460B-AD79-5EF9210F158C}.Debug|Any CPU.Build.0 = Debug|Any CPU
		{7FE7E364-B94C-460B-AD79-5EF9210F158C}.Release|Any CPU.ActiveCfg = Release|Any CPU
		{7FE7E364-B94C-460B-AD79-5EF9210F158C}.Release|Any CPU.Build.0 = Release|Any CPU
		{DD0F07A0-6D6F-4DD4-8FE3-C5992FA14872}.Debug|Any CPU.ActiveCfg = Debug|Any CPU
		{DD0F07A0-6D6F-4DD4-8FE3-C5992FA14872}.Debug|Any CPU.Build.0 = Debug|Any CPU
		{DD0F07A0-6D6F-4DD4-8FE3-C5992FA14872}.Release|Any CPU.ActiveCfg = Release|Any CPU
		{DD0F07A0-6D6F-4DD4-8FE3-C5992FA14872}.Release|Any CPU.Build.0 = Release|Any CPU
		{9D9E6F48-DC44-4717-A00E-241CFB8657ED}.Debug|Any CPU.ActiveCfg = Debug|Any CPU
		{9D9E6F48-DC44-4717-A00E-241CFB8657ED}.Debug|Any CPU.Build.0 = Debug|Any CPU
		{9D9E6F48-DC44-4717-A00E-241CFB8657ED}.Release|Any CPU.ActiveCfg = Release|Any CPU
		{9D9E6F48-DC44-4717-A00E-241CFB8657ED}.Release|Any CPU.Build.0 = Release|Any CPU
		{CEC2A3F5-A429-4324-9493-56CF227E87DC}.Debug|Any CPU.ActiveCfg = Debug|Any CPU
		{CEC2A3F5-A429-4324-9493-56CF227E87DC}.Debug|Any CPU.Build.0 = Debug|Any CPU
		{CEC2A3F5-A429-4324-9493-56CF227E87DC}.Release|Any CPU.ActiveCfg = Release|Any CPU
		{CEC2A3F5-A429-4324-9493-56CF227E87DC}.Release|Any CPU.Build.0 = Release|Any CPU
		{A5A96B01-595E-4082-A45C-AFD61375974C}.Debug|Any CPU.ActiveCfg = Debug|Any CPU
		{A5A96B01-595E-4082-A45C-AFD61375974C}.Debug|Any CPU.Build.0 = Debug|Any CPU
		{A5A96B01-595E-4082-A45C-AFD61375974C}.Release|Any CPU.ActiveCfg = Release|Any CPU
		{A5A96B01-595E-4082-A45C-AFD61375974C}.Release|Any CPU.Build.0 = Release|Any CPU
		{F5D8031C-113B-4C1E-BBB5-F54494AFF9E1}.Debug|Any CPU.ActiveCfg = Debug|Any CPU
		{F5D8031C-113B-4C1E-BBB5-F54494AFF9E1}.Debug|Any CPU.Build.0 = Debug|Any CPU
		{F5D8031C-113B-4C1E-BBB5-F54494AFF9E1}.Release|Any CPU.ActiveCfg = Release|Any CPU
		{F5D8031C-113B-4C1E-BBB5-F54494AFF9E1}.Release|Any CPU.Build.0 = Release|Any CPU
		{45304611-8646-40CE-877E-4FA16C9E4D1A}.Debug|Any CPU.ActiveCfg = Debug|Any CPU
		{45304611-8646-40CE-877E-4FA16C9E4D1A}.Debug|Any CPU.Build.0 = Debug|Any CPU
		{45304611-8646-40CE-877E-4FA16C9E4D1A}.Release|Any CPU.ActiveCfg = Release|Any CPU
		{45304611-8646-40CE-877E-4FA16C9E4D1A}.Release|Any CPU.Build.0 = Release|Any CPU
		{6C98D747-AA27-45B5-9A33-D9415E041EA6}.Debug|Any CPU.ActiveCfg = Debug|Any CPU
		{6C98D747-AA27-45B5-9A33-D9415E041EA6}.Debug|Any CPU.Build.0 = Debug|Any CPU
		{6C98D747-AA27-45B5-9A33-D9415E041EA6}.Release|Any CPU.ActiveCfg = Release|Any CPU
		{6C98D747-AA27-45B5-9A33-D9415E041EA6}.Release|Any CPU.Build.0 = Release|Any CPU
		{65ABFA78-AC2F-4617-A63A-0EACAF7389B3}.Debug|Any CPU.ActiveCfg = Debug|Any CPU
		{65ABFA78-AC2F-4617-A63A-0EACAF7389B3}.Debug|Any CPU.Build.0 = Debug|Any CPU
		{65ABFA78-AC2F-4617-A63A-0EACAF7389B3}.Release|Any CPU.ActiveCfg = Release|Any CPU
		{65ABFA78-AC2F-4617-A63A-0EACAF7389B3}.Release|Any CPU.Build.0 = Release|Any CPU
		{42EFD5C8-1B8D-4663-B44D-8680A6F57CBB}.Debug|Any CPU.ActiveCfg = Debug|Any CPU
		{42EFD5C8-1B8D-4663-B44D-8680A6F57CBB}.Debug|Any CPU.Build.0 = Debug|Any CPU
		{42EFD5C8-1B8D-4663-B44D-8680A6F57CBB}.Release|Any CPU.ActiveCfg = Release|Any CPU
		{42EFD5C8-1B8D-4663-B44D-8680A6F57CBB}.Release|Any CPU.Build.0 = Release|Any CPU
		{187F8B6E-0926-4DB5-850E-8EEF23E5B30E}.Debug|Any CPU.ActiveCfg = Debug|Any CPU
		{187F8B6E-0926-4DB5-850E-8EEF23E5B30E}.Debug|Any CPU.Build.0 = Debug|Any CPU
		{187F8B6E-0926-4DB5-850E-8EEF23E5B30E}.Release|Any CPU.ActiveCfg = Release|Any CPU
		{187F8B6E-0926-4DB5-850E-8EEF23E5B30E}.Release|Any CPU.Build.0 = Release|Any CPU
		{AE5D76D0-DA1F-4B8D-B155-BDB9B563CF10}.Debug|Any CPU.ActiveCfg = Debug|Any CPU
		{AE5D76D0-DA1F-4B8D-B155-BDB9B563CF10}.Debug|Any CPU.Build.0 = Debug|Any CPU
		{AE5D76D0-DA1F-4B8D-B155-BDB9B563CF10}.Release|Any CPU.ActiveCfg = Release|Any CPU
		{AE5D76D0-DA1F-4B8D-B155-BDB9B563CF10}.Release|Any CPU.Build.0 = Release|Any CPU
		{7E8B1AB1-25A3-4862-88A6-D39D588E347A}.Debug|Any CPU.ActiveCfg = Debug|Any CPU
		{7E8B1AB1-25A3-4862-88A6-D39D588E347A}.Debug|Any CPU.Build.0 = Debug|Any CPU
		{7E8B1AB1-25A3-4862-88A6-D39D588E347A}.Release|Any CPU.ActiveCfg = Release|Any CPU
		{7E8B1AB1-25A3-4862-88A6-D39D588E347A}.Release|Any CPU.Build.0 = Release|Any CPU
	EndGlobalSection
	GlobalSection(SolutionProperties) = preSolution
		HideSolutionNode = FALSE
	EndGlobalSection
	GlobalSection(NestedProjects) = preSolution
		{636E61BC-71B6-4405-A922-755A963A4127} = {C163BC1D-0A80-41F3-BB8D-4823D398F675}
		{AFC19968-2F50-4A4F-87FA-3BD4418FD34C} = {A0F90346-C5D3-4D5D-A054-9993754BB129}
		{0D6E4CF5-0C96-4927-87DE-F56ED7534329} = {88E6B64E-06B1-4D60-9002-89BEF7E69C4D}
		{DBBBD371-F17A-43A6-B1D7-BB3F2987A444} = {15D92018-E647-4907-AFA7-F4B69A6B018C}
		{FB4EA151-483E-4EF2-910F-72BAC92D80F6} = {15D92018-E647-4907-AFA7-F4B69A6B018C}
		{A527C068-D20A-4623-A0BC-A87B0983C7CD} = {15D92018-E647-4907-AFA7-F4B69A6B018C}
		{75A76A6B-26F7-4C97-8B0C-EF1FA9A5D26C} = {15D92018-E647-4907-AFA7-F4B69A6B018C}
		{41324AD7-B69C-4BC6-A5B2-1CB9967A8EF0} = {15D92018-E647-4907-AFA7-F4B69A6B018C}
		{1BFE96E5-B330-4AB4-932F-713B273D3316} = {15D92018-E647-4907-AFA7-F4B69A6B018C}
		{7FE7E364-B94C-460B-AD79-5EF9210F158C} = {15D92018-E647-4907-AFA7-F4B69A6B018C}
		{DD0F07A0-6D6F-4DD4-8FE3-C5992FA14872} = {15D92018-E647-4907-AFA7-F4B69A6B018C}
		{9D9E6F48-DC44-4717-A00E-241CFB8657ED} = {15D92018-E647-4907-AFA7-F4B69A6B018C}
		{CEC2A3F5-A429-4324-9493-56CF227E87DC} = {15D92018-E647-4907-AFA7-F4B69A6B018C}
		{A5A96B01-595E-4082-A45C-AFD61375974C} = {15D92018-E647-4907-AFA7-F4B69A6B018C}
		{F5D8031C-113B-4C1E-BBB5-F54494AFF9E1} = {15D92018-E647-4907-AFA7-F4B69A6B018C}
		{45304611-8646-40CE-877E-4FA16C9E4D1A} = {15D92018-E647-4907-AFA7-F4B69A6B018C}
		{6C98D747-AA27-45B5-9A33-D9415E041EA6} = {15D92018-E647-4907-AFA7-F4B69A6B018C}
		{65ABFA78-AC2F-4617-A63A-0EACAF7389B3} = {15D92018-E647-4907-AFA7-F4B69A6B018C}
		{42EFD5C8-1B8D-4663-B44D-8680A6F57CBB} = {15D92018-E647-4907-AFA7-F4B69A6B018C}
		{187F8B6E-0926-4DB5-850E-8EEF23E5B30E} = {15D92018-E647-4907-AFA7-F4B69A6B018C}
		{AE5D76D0-DA1F-4B8D-B155-BDB9B563CF10} = {15D92018-E647-4907-AFA7-F4B69A6B018C}
		{7E8B1AB1-25A3-4862-88A6-D39D588E347A} = {A0F90346-C5D3-4D5D-A054-9993754BB129}
	EndGlobalSection
	GlobalSection(ExtensibilityGlobals) = postSolution
		SolutionGuid = {BE25541B-CD77-495C-8BDB-E84275C1C381}
	EndGlobalSection
EndGlobal
